
Microsoft Visual Studio Solution File, Format Version 12.00
# Visual Studio Version 17
VisualStudioVersion = 17.0.32014.148
MinimumVisualStudioVersion = 10.0.40219.1
Project("{FAE04EC0-301F-11D3-BF4B-00C04F79EFBC}") = "WebApiServer", "WebApiServer.csproj", "{3678A172-23EB-463D-BD4C-F2FC18CDD4CF}"
EndProject
Project("{FAE04EC0-301F-11D3-BF4B-00C04F79EFBC}") = "WebApiClient", "..\WebApiClient\WebApiClient.csproj", "{B7AA9ED0-98E8-48B6-87BC-3A03073833DB}"
EndProject
Project("{FAE04EC0-301F-11D3-BF4B-00C04F79EFBC}") = "WpfApp1", "..\WpfApp1\WpfApp1.csproj", "{7BEC267D-8279-4F93-BDE9-E34D9345C3E6}"
EndProject
Global
	GlobalSection(SolutionConfigurationPlatforms) = preSolution
		Debug|Any CPU = Debug|Any CPU
		Release|Any CPU = Release|Any CPU
	EndGlobalSection
	GlobalSection(ProjectConfigurationPlatforms) = postSolution
		{3678A172-23EB-463D-BD4C-F2FC18CDD4CF}.Debug|Any CPU.ActiveCfg = Debug|Any CPU
		{3678A172-23EB-463D-BD4C-F2FC18CDD4CF}.Debug|Any CPU.Build.0 = Debug|Any CPU
		{3678A172-23EB-463D-BD4C-F2FC18CDD4CF}.Release|Any CPU.ActiveCfg = Release|Any CPU
		{3678A172-23EB-463D-BD4C-F2FC18CDD4CF}.Release|Any CPU.Build.0 = Release|Any CPU
		{B7AA9ED0-98E8-48B6-87BC-3A03073833DB}.Debug|Any CPU.ActiveCfg = Debug|Any CPU
		{B7AA9ED0-98E8-48B6-87BC-3A03073833DB}.Debug|Any CPU.Build.0 = Debug|Any CPU
		{B7AA9ED0-98E8-48B6-87BC-3A03073833DB}.Release|Any CPU.ActiveCfg = Release|Any CPU
		{B7AA9ED0-98E8-48B6-87BC-3A03073833DB}.Release|Any CPU.Build.0 = Release|Any CPU
		{7BEC267D-8279-4F93-BDE9-E34D9345C3E6}.Debug|Any CPU.ActiveCfg = Debug|Any CPU
		{7BEC267D-8279-4F93-BDE9-E34D9345C3E6}.Debug|Any CPU.Build.0 = Debug|Any CPU
		{7BEC267D-8279-4F93-BDE9-E34D9345C3E6}.Release|Any CPU.ActiveCfg = Release|Any CPU
		{7BEC267D-8279-4F93-BDE9-E34D9345C3E6}.Release|Any CPU.Build.0 = Release|Any CPU
	EndGlobalSection
	GlobalSection(SolutionProperties) = preSolution
		HideSolutionNode = FALSE
	EndGlobalSection
	GlobalSection(ExtensibilityGlobals) = postSolution
		SolutionGuid = {40B93E5B-B9B5-4782-8448-A4EDA75A85BF}
	EndGlobalSection
EndGlobal
